
Microsoft Visual Studio Solution File, Format Version 12.00
# Visual Studio Version 16
VisualStudioVersion = 16.0.31729.503
MinimumVisualStudioVersion = 10.0.40219.1
Project("{FAE04EC0-301F-11D3-BF4B-00C04F79EFBC}") = "HelloWorld", "HelloWorld\HelloWorld.csproj", "{17681A51-447A-4926-9A9A-C2C1DA23B91B}"
EndProject
Project("{FAE04EC0-301F-11D3-BF4B-00C04F79EFBC}") = "Ems", "Ems\Ems.csproj", "{5977B066-97A0-4CDA-8A98-493B80F5A6CF}"
EndProject
Global
	GlobalSection(SolutionConfigurationPlatforms) = preSolution
		Debug|Any CPU = Debug|Any CPU
		Release|Any CPU = Release|Any CPU
	EndGlobalSection
	GlobalSection(ProjectConfigurationPlatforms) = postSolution
		{17681A51-447A-4926-9A9A-C2C1DA23B91B}.Debug|Any CPU.ActiveCfg = Debug|Any CPU
		{17681A51-447A-4926-9A9A-C2C1DA23B91B}.Debug|Any CPU.Build.0 = Debug|Any CPU
		{17681A51-447A-4926-9A9A-C2C1DA23B91B}.Release|Any CPU.ActiveCfg = Release|Any CPU
		{17681A51-447A-4926-9A9A-C2C1DA23B91B}.Release|Any CPU.Build.0 = Release|Any CPU
		{5977B066-97A0-4CDA-8A98-493B80F5A6CF}.Debug|Any CPU.ActiveCfg = Debug|Any CPU
		{5977B066-97A0-4CDA-8A98-493B80F5A6CF}.Debug|Any CPU.Build.0 = Debug|Any CPU
		{5977B066-97A0-4CDA-8A98-493B80F5A6CF}.Release|Any CPU.ActiveCfg = Release|Any CPU
		{5977B066-97A0-4CDA-8A98-493B80F5A6CF}.Release|Any CPU.Build.0 = Release|Any CPU
	EndGlobalSection
	GlobalSection(SolutionProperties) = preSolution
		HideSolutionNode = FALSE
	EndGlobalSection
	GlobalSection(ExtensibilityGlobals) = postSolution
		SolutionGuid = {B677FE6C-B555-4BEE-8E5F-8CD92BEA9D5A}
	EndGlobalSection
EndGlobal
